
Microsoft Visual Studio Solution File, Format Version 12.00
# Visual Studio 15
VisualStudioVersion = 15.0.27703.2018
MinimumVisualStudioVersion = 10.0.40219.1
Project("{FAE04EC0-301F-11D3-BF4B-00C04F79EFBC}") = "VariablesAndDataTypes2", "VariablesAndDataTypes2\VariablesAndDataTypes2.csproj", "{28283B4F-CFCD-4AD9-8034-E943B118BCB9}"
EndProject
Global
	GlobalSection(SolutionConfigurationPlatforms) = preSolution
		Debug|Any CPU = Debug|Any CPU
		Release|Any CPU = Release|Any CPU
	EndGlobalSection
	GlobalSection(ProjectConfigurationPlatforms) = postSolution
		{28283B4F-CFCD-4AD9-8034-E943B118BCB9}.Debug|Any CPU.ActiveCfg = Debug|Any CPU
		{28283B4F-CFCD-4AD9-8034-E943B118BCB9}.Debug|Any CPU.Build.0 = Debug|Any CPU
		{28283B4F-CFCD-4AD9-8034-E943B118BCB9}.Release|Any CPU.ActiveCfg = Release|Any CPU
		{28283B4F-CFCD-4AD9-8034-E943B118BCB9}.Release|Any CPU.Build.0 = Release|Any CPU
	EndGlobalSection
	GlobalSection(SolutionProperties) = preSolution
		HideSolutionNode = FALSE
	EndGlobalSection
	GlobalSection(ExtensibilityGlobals) = postSolution
		SolutionGuid = {A24EEAE4-D270-429C-9669-056B3C4515A7}
	EndGlobalSection
EndGlobal
